
Microsoft Visual Studio Solution File, Format Version 12.00
# Visual Studio 15
VisualStudioVersion = 15.0.28307.489
MinimumVisualStudioVersion = 10.0.40219.1
Project("{FAE04EC0-301F-11D3-BF4B-00C04F79EFBC}") = "Ch07Ex01", "Ch07Ex01\Ch07Ex01.csproj", "{0B59C034-A0B1-43B4-94B9-1ADE7E41FFCB}"
EndProject
Global
	GlobalSection(SolutionConfigurationPlatforms) = preSolution
		Debug|Any CPU = Debug|Any CPU
		Release|Any CPU = Release|Any CPU
	EndGlobalSection
	GlobalSection(ProjectConfigurationPlatforms) = postSolution
		{0B59C034-A0B1-43B4-94B9-1ADE7E41FFCB}.Debug|Any CPU.ActiveCfg = Debug|Any CPU
		{0B59C034-A0B1-43B4-94B9-1ADE7E41FFCB}.Debug|Any CPU.Build.0 = Debug|Any CPU
		{0B59C034-A0B1-43B4-94B9-1ADE7E41FFCB}.Release|Any CPU.ActiveCfg = Release|Any CPU
		{0B59C034-A0B1-43B4-94B9-1ADE7E41FFCB}.Release|Any CPU.Build.0 = Release|Any CPU
	EndGlobalSection
	GlobalSection(SolutionProperties) = preSolution
		HideSolutionNode = FALSE
	EndGlobalSection
	GlobalSection(ExtensibilityGlobals) = postSolution
		SolutionGuid = {2F482D90-5E51-462A-AA53-B3FDD281EB15}
	EndGlobalSection
EndGlobal
