
Microsoft Visual Studio Solution File, Format Version 12.00
# Visual Studio 15
VisualStudioVersion = 15.0.28307.489
MinimumVisualStudioVersion = 10.0.40219.1
Project("{FAE04EC0-301F-11D3-BF4B-00C04F79EFBC}") = "Ch05Ex05", "Ch05Ex05\Ch05Ex05.csproj", "{847320CD-52E1-49FD-8F04-D29464F2E4A0}"
EndProject
Global
	GlobalSection(SolutionConfigurationPlatforms) = preSolution
		Debug|Any CPU = Debug|Any CPU
		Release|Any CPU = Release|Any CPU
	EndGlobalSection
	GlobalSection(ProjectConfigurationPlatforms) = postSolution
		{847320CD-52E1-49FD-8F04-D29464F2E4A0}.Debug|Any CPU.ActiveCfg = Debug|Any CPU
		{847320CD-52E1-49FD-8F04-D29464F2E4A0}.Debug|Any CPU.Build.0 = Debug|Any CPU
		{847320CD-52E1-49FD-8F04-D29464F2E4A0}.Release|Any CPU.ActiveCfg = Release|Any CPU
		{847320CD-52E1-49FD-8F04-D29464F2E4A0}.Release|Any CPU.Build.0 = Release|Any CPU
	EndGlobalSection
	GlobalSection(SolutionProperties) = preSolution
		HideSolutionNode = FALSE
	EndGlobalSection
	GlobalSection(ExtensibilityGlobals) = postSolution
		SolutionGuid = {E98A367E-319F-4929-8E7A-20AB35A75DCA}
	EndGlobalSection
EndGlobal
